
Microsoft Visual Studio Solution File, Format Version 12.00
# Visual Studio Version 17
VisualStudioVersion = 17.10.35122.118
MinimumVisualStudioVersion = 10.0.40219.1
Project("{FAE04EC0-301F-11D3-BF4B-00C04F79EFBC}") = "DarkestCombat", "DarkestCombat.csproj", "{527C37B9-1768-40FC-850B-1973510E7B08}"
EndProject
Global
	GlobalSection(SolutionConfigurationPlatforms) = preSolution
		Debug|Any CPU = Debug|Any CPU
		Release|Any CPU = Release|Any CPU
	EndGlobalSection
	GlobalSection(ProjectConfigurationPlatforms) = postSolution
		{527C37B9-1768-40FC-850B-1973510E7B08}.Debug|Any CPU.ActiveCfg = Debug|Any CPU
		{527C37B9-1768-40FC-850B-1973510E7B08}.Debug|Any CPU.Build.0 = Debug|Any CPU
		{527C37B9-1768-40FC-850B-1973510E7B08}.Release|Any CPU.ActiveCfg = Release|Any CPU
		{527C37B9-1768-40FC-850B-1973510E7B08}.Release|Any CPU.Build.0 = Release|Any CPU
	EndGlobalSection
	GlobalSection(SolutionProperties) = preSolution
		HideSolutionNode = FALSE
	EndGlobalSection
	GlobalSection(ExtensibilityGlobals) = postSolution
		SolutionGuid = {4CF0BADF-76F2-4ED1-A2B4-4348A4109B77}
	EndGlobalSection
EndGlobal
